
Microsoft Visual Studio Solution File, Format Version 11.00
# Visual Studio 2010
Project("{FAE04EC0-301F-11D3-BF4B-00C04F79EFBC}") = "WireLoop-demo", "Assembly-CSharp.csproj", "{E829AAD9-5D4A-0FCC-292B-EBADAB1E15AF}"
EndProject
Project("{FAE04EC0-301F-11D3-BF4B-00C04F79EFBC}") = "WireLoop-demo", "Assembly-CSharp-Editor.csproj", "{FD65F24F-C165-F7C4-8D95-D2AA7BF068C7}"
EndProject
Global
	GlobalSection(SolutionConfigurationPlatforms) = preSolution
		Debug|Any CPU = Debug|Any CPU
		Release|Any CPU = Release|Any CPU
	EndGlobalSection
	GlobalSection(ProjectConfigurationPlatforms) = postSolution
		{E829AAD9-5D4A-0FCC-292B-EBADAB1E15AF}.Debug|Any CPU.ActiveCfg = Debug|Any CPU
		{E829AAD9-5D4A-0FCC-292B-EBADAB1E15AF}.Debug|Any CPU.Build.0 = Debug|Any CPU
		{E829AAD9-5D4A-0FCC-292B-EBADAB1E15AF}.Release|Any CPU.ActiveCfg = Release|Any CPU
		{E829AAD9-5D4A-0FCC-292B-EBADAB1E15AF}.Release|Any CPU.Build.0 = Release|Any CPU
		{FD65F24F-C165-F7C4-8D95-D2AA7BF068C7}.Debug|Any CPU.ActiveCfg = Debug|Any CPU
		{FD65F24F-C165-F7C4-8D95-D2AA7BF068C7}.Debug|Any CPU.Build.0 = Debug|Any CPU
		{FD65F24F-C165-F7C4-8D95-D2AA7BF068C7}.Release|Any CPU.ActiveCfg = Release|Any CPU
		{FD65F24F-C165-F7C4-8D95-D2AA7BF068C7}.Release|Any CPU.Build.0 = Release|Any CPU
	EndGlobalSection
	GlobalSection(SolutionProperties) = preSolution
		HideSolutionNode = FALSE
	EndGlobalSection
	GlobalSection(MonoDevelopProperties) = preSolution
		StartupItem = Assembly-CSharp.csproj
	EndGlobalSection
EndGlobal
